// !$*UTF8*$!
{
	archiveVersion = 1;
	classes = {
	};
	objectVersion = 46;
	objects = {

/* Begin PBXBuildFile section */
		AD9DED841C7DCD4300083BC9 /* main.m in Sources */ = {isa = PBXBuildFile; fileRef = AD9DED831C7DCD4300083BC9 /* main.m */; };
		AD9DED871C7DCD4300083BC9 /* AppDelegate.m in Sources */ = {isa = PBXBuildFile; fileRef = AD9DED861C7DCD4300083BC9 /* AppDelegate.m */; };
		AD9DED8A1C7DCD4300083BC9 /* ViewController.m in Sources */ = {isa = PBXBuildFile; fileRef = AD9DED891C7DCD4300083BC9 /* ViewController.m */; };
		AD9DED8D1C7DCD4300083BC9 /* Main.storyboard in Resources */ = {isa = PBXBuildFile; fileRef = AD9DED8B1C7DCD4300083BC9 /* Main.storyboard */; };
		AD9DED8F1C7DCD4300083BC9 /* Assets.xcassets in Resources */ = {isa = PBXBuildFile; fileRef = AD9DED8E1C7DCD4300083BC9 /* Assets.xcassets */; };
		AD9DED921C7DCD4300083BC9 /* LaunchScreen.storyboard in Resources */ = {isa = PBXBuildFile; fileRef = AD9DED901C7DCD4300083BC9 /* LaunchScreen.storyboard */; };
/* End PBXBuildFile section */

/* Begin PBXFileReference section */
		AD9DED7F1C7DCD4300083BC9 /* AlphaNavigationBarDemo.app */ = {isa = PBXFileReference; explicitFileType = wrapper.application; includeInIndex = 0; path = AlphaNavigationBarDemo.app; sourceTree = BUILT_PRODUCTS_DIR; };
		AD9DED831C7DCD4300083BC9 /* main.m */ = {isa = PBXFileReference; lastKnownFileType = sourcecode.c.objc; path = main.m; sourceTree = "<group>"; };
		AD9DED851C7DCD4300083BC9 /* AppDelegate.h */ = {isa = PBXFileReference; lastKnownFileType = sourcecode.c.h; path = AppDelegate.h; sourceTree = "<group>"; };
		AD9DED861C7DCD4300083BC9 /* AppDelegate.m */ = {isa = PBXFileReference; lastKnownFileType = sourcecode.c.objc; path = AppDelegate.m; sourceTree = "<group>"; };
		AD9DED881C7DCD4300083BC9 /* ViewController.h */ = {isa = PBXFileReference; lastKnownFileType = sourcecode.c.h; path = ViewController.h; sourceTree = "<group>"; };
		AD9DED891C7DCD4300083BC9 /* ViewController.m */ = {isa = PBXFileReference; lastKnownFileType = sourcecode.c.objc; path = ViewController.m; sourceTree = "<group>"; };
		AD9DED8C1C7DCD4300083BC9 /* Base */ = {isa = PBXFileReference; lastKnownFileType = file.storyboard; name = Base; path = Base.lproj/Main.storyboard; sourceTree = "<group>"; };
		AD9DED8E1C7DCD4300083BC9 /* Assets.xcassets */ = {isa = PBXFileReference; lastKnownFileType = folder.assetcatalog; path = Assets.xcassets; sourceTree = "<group>"; };
		AD9DED911C7DCD4300083BC9 /* Base */ = {isa = PBXFileReference; lastKnownFileType = file.storyboard; name = Base; path = Base.lproj/LaunchScreen.storyboard; sourceTree = "<group>"; };
		AD9DED931C7DCD4300083BC9 /* Info.plist */ = {isa = PBXFileReference; lastKnownFileType = text.plist.xml; path = Info.plist; sourceTree = "<group>"; };
/* End PBXFileReference section */

/* Begin PBXFrameworksBuildPhase section */
		AD9DED7C1C7DCD4300083BC9 /* Frameworks */ = {
			isa = PBXFrameworksBuildPhase;
			buildActionMask = 2147483647;
			files = (
			);
			runOnlyForDeploymentPostprocessing = 0;
		};
/* End PBXFrameworksBuildPhase section */

/* Begin PBXGroup section */
		AD9DED761C7DCD4300083BC9 = {
			isa = PBXGroup;
			children = (
				AD9DED811C7DCD4300083BC9 /* AlphaNavigationBarDemo */,
				AD9DED801C7DCD4300083BC9 /* Products */,
			);
			sourceTree = "<group>";
		};
		AD9DED801C7DCD4300083BC9 /* Products */ = {
			isa = PBXGroup;
			children = (
				AD9DED7F1C7DCD4300083BC9 /* AlphaNavigationBarDemo.app */,
			);
			name = Products;
			sourceTree = "<group>";
		};
		AD9DED811C7DCD4300083BC9 /* AlphaNavigationBarDemo */ = {
			isa = PBXGroup;
			children = (
				AD9DED851C7DCD4300083BC9 /* AppDelegate.h */,
				AD9DED861C7DCD4300083BC9 /* AppDelegate.m */,
				AD9DED881C7DCD4300083BC9 /* ViewController.h */,
				AD9DED891C7DCD4300083BC9 /* ViewController.m */,
				AD9DED8B1C7DCD4300083BC9 /* Main.storyboard */,
				AD9DED8E1C7DCD4300083BC9 /* Assets.xcassets */,
				AD9DED901C7DCD4300083BC9 /* LaunchScreen.storyboard */,
				AD9DED931C7DCD4300083BC9 /* Info.plist */,
				AD9DED821C7DCD4300083BC9 /* Supporting Files */,
			);
			path = AlphaNavigationBarDemo;
			sourceTree = "<group>";
		};
		AD9DED821C7DCD4300083BC9 /* Supporting Files */ = {
			isa = PBXGroup;
			children = (
				AD9DED831C7DCD4300083BC9 /* main.m */,
			);
			name = "Supporting Files";
			sourceTree = "<group>";
		};
/* End PBXGroup section */

/* Begin PBXNativeTarget section */
		AD9DED7E1C7DCD4300083BC9 /* AlphaNavigationBarDemo */ = {
			isa = PBXNativeTarget;
			buildConfigurationList = AD9DED961C7DCD4300083BC9 /* Build configuration list for PBXNativeTarget "AlphaNavigationBarDemo" */;
			buildPhases = (
				AD9DED7B1C7DCD4300083BC9 /* Sources */,
				AD9DED7C1C7DCD4300083BC9 /* Frameworks */,
				AD9DED7D1C7DCD4300083BC9 /* Resources */,
			);
			buildRules = (
			);
			dependencies = (
			);
			name = AlphaNavigationBarDemo;
			productName = AlphaNavigationBarDemo;
			productReference = AD9DED7F1C7DCD4300083BC9 /* AlphaNavigationBarDemo.app */;
			productType = "com.apple.product-type.application";
		};
/* End PBXNativeTarget section */

/* Begin PBXProject section */
		AD9DED771C7DCD4300083BC9 /* Project object */ = {
			isa = PBXProject;
			attributes = {
				LastUpgradeCheck = 0720;
				ORGANIZATIONNAME = mhk;
				TargetAttributes = {
					AD9DED7E1C7DCD4300083BC9 = {
						CreatedOnToolsVersion = 7.2;
					};
				};
			};
			buildConfigurationList = AD9DED7A1C7DCD4300083BC9 /* Build configuration list for PBXProject "AlphaNavigationBarDemo" */;
			compatibilityVersion = "Xcode 3.2";
			developmentRegion = English;
			hasScannedForEncodings = 0;
			knownRegions = (
				en,
				Base,
			);
			mainGroup = AD9DED761C7DCD4300083BC9;
			productRefGroup = AD9DED801C7DCD4300083BC9 /* Products */;
			projectDirPath = "";
			projectRoot = "";
			targets = (
				AD9DED7E1C7DCD4300083BC9 /* AlphaNavigationBarDemo */,
			);
		};
/* End PBXProject section */

/* Begin PBXResourcesBuildPhase section */
		AD9DED7D1C7DCD4300083BC9 /* Resources */ = {
			isa = PBXResourcesBuildPhase;
			buildActionMask = 2147483647;
			files = (
				AD9DED921C7DCD4300083BC9 /* LaunchScreen.storyboard in Resources */,
				AD9DED8F1C7DCD4300083BC9 /* Assets.xcassets in Resources */,
				AD9DED8D1C7DCD4300083BC9 /* Main.storyboard in Resources */,
			);
			runOnlyForDeploymentPostprocessing = 0;
		};
/* End PBXResourcesBuildPhase section */

/* Begin PBXSourcesBuildPhase section */
		AD9DED7B1C7DCD4300083BC9 /* Sources */ = {
			isa = PBXSourcesBuildPhase;
			buildActionMask = 2147483647;
			files = (
				AD9DED8A1C7DCD4300083BC9 /* ViewController.m in Sources */,
				AD9DED871C7DCD4300083BC9 /* AppDelegate.m in Sources */,
				AD9DED841C7DCD4300083BC9 /* main.m in Sources */,
			);
			runOnlyForDeploymentPostprocessing = 0;
		};
/* End PBXSourcesBuildPhase section */

/* Begin PBXVariantGroup section */
		AD9DED8B1C7DCD4300083BC9 /* Main.storyboard */ = {
			isa = PBXVariantGroup;
			children = (
				AD9DED8C1C7DCD4300083BC9 /* Base */,
			);
			name = Main.storyboard;
			sourceTree = "<group>";
		};
		AD9DED901C7DCD4300083BC9 /* LaunchScreen.storyboard */ = {
			isa = PBXVariantGroup;
			children = (
				AD9DED911C7DCD4300083BC9 /* Base */,
			);
			name = LaunchScreen.storyboard;
			sourceTree = "<group>";
		};
/* End PBXVariantGroup section */

/* Begin XCBuildConfiguration section */
		AD9DED941C7DCD4300083BC9 /* Debug */ = {
			isa = XCBuildConfiguration;
			buildSettings = {
				ALWAYS_SEARCH_USER_PATHS = NO;
				CLANG_CXX_LANGUAGE_STANDARD = "gnu++0x";
				CLANG_CXX_LIBRARY = "libc++";
				CLANG_ENABLE_MODULES = YES;
				CLANG_ENABLE_OBJC_ARC = YES;
				CLANG_WARN_BOOL_CONVERSION = YES;
				CLANG_WARN_CONSTANT_CONVERSION = YES;
				CLANG_WARN_DIRECT_OBJC_ISA_USAGE = YES_ERROR;
				CLANG_WARN_EMPTY_BODY = YES;
				CLANG_WARN_ENUM_CONVERSION = YES;
				CLANG_WARN_INT_CONVERSION = YES;
				CLANG_WARN_OBJC_ROOT_CLASS = YES_ERROR;
				CLANG_WARN_UNREACHABLE_CODE = YES;
				CLANG_WARN__DUPLICATE_METHOD_MATCH = YES;
				"CODE_SIGN_IDENTITY[sdk=iphoneos*]" = "iPhone Developer";
				COPY_PHASE_STRIP = NO;
				DEBUG_INFORMATION_FORMAT = dwarf;
				ENABLE_STRICT_OBJC_MSGSEND = YES;
				ENABLE_TESTABILITY = YES;
				GCC_C_LANGUAGE_STANDARD = gnu99;
				GCC_DYNAMIC_NO_PIC = NO;
				GCC_NO_COMMON_BLOCKS = YES;
				GCC_OPTIMIZATION_LEVEL = 0;
				GCC_PREPROCESSOR_DEFINITIONS = (
					"DEBUG=1",
					"$(inherited)",
				);
				GCC_WARN_64_TO_32_BIT_CONVERSION = YES;
				GCC_WARN_ABOUT_RETURN_TYPE = YES_ERROR;
				GCC_WARN_UNDECLARED_SELECTOR = YES;
				GCC_WARN_UNINITIALIZED_AUTOS = YES_AGGRESSIVE;
				GCC_WARN_UNUSED_FUNCTION = YES;
				GCC_WARN_UNUSED_VARIABLE = YES;
				IPHONEOS_DEPLOYMENT_TARGET = 9.2;
				MTL_ENABLE_DEBUG_INFO = YES;
				ONLY_ACTIVE_ARCH = YES;
				SDKROOT = iphoneos;
			};
			name = Debug;
		};
		AD9DED951C7DCD4300083BC9 /* Release */ = {
			isa = XCBuildConfiguration;
			buildSettings = {
				ALWAYS_SEARCH_USER_PATHS = NO;
				CLANG_CXX_LANGUAGE_STANDARD = "gnu++0x";
				CLANG_CXX_LIBRARY = "libc++";
				CLANG_ENABLE_MODULES = YES;
				CLANG_ENABLE_OBJC_ARC = YES;
				CLANG_WARN_BOOL_CONVERSION = YES;
				CLANG_WARN_CONSTANT_CONVERSION = YES;
				CLANG_WARN_DIRECT_OBJC_ISA_USAGE = YES_ERROR;
				CLANG_WARN_EMPTY_BODY = YES;
				CLANG_WARN_ENUM_CONVERSION = YES;
				CLANG_WARN_INT_CONVERSION = YES;
				CLANG_WARN_OBJC_ROOT_CLASS = YES_ERROR;
				CLANG_WARN_UNREACHABLE_CODE = YES;
				CLANG_WARN__DUPLICATE_METHOD_MATCH = YES;
				"CODE_SIGN_IDENTITY[sdk=iphoneos*]" = "iPhone Developer";
				COPY_PHASE_STRIP = NO;
				DEBUG_INFORMATION_FORMAT = "dwarf-with-dsym";
				ENABLE_NS_ASSERTIONS = NO;
				ENABLE_STRICT_OBJC_MSGSEND = YES;
				GCC_C_LANGUAGE_STANDARD = gnu99;
				GCC_NO_COMMON_BLOCKS = YES;
				GCC_WARN_64_TO_32_BIT_CONVERSION = YES;
				GCC_WARN_ABOUT_RETURN_TYPE = YES_ERROR;
				GCC_WARN_UNDECLARED_SELECTOR = YES;
				GCC_WARN_UNINITIALIZED_AUTOS = YES_AGGRESSIVE;
				GCC_WARN_UNUSED_FUNCTION = YES;
				GCC_WARN_UNUSED_VARIABLE = YES;
				IPHONEOS_DEPLOYMENT_TARGET = 9.2;
				MTL_ENABLE_DEBUG_INFO = NO;
				SDKROOT = iphoneos;
				VALIDATE_PRODUCT = YES;
			};
			name = Release;
		};
		AD9DED971C7DCD4300083BC9 /* Debug */ = {
			isa = XCBuildConfiguration;
			buildSettings = {
				ASSETCATALOG_COMPILER_APPICON_NAME = AppIcon;
				INFOPLIST_FILE = AlphaNavigationBarDemo/Info.plist;
				LD_RUNPATH_SEARCH_PATHS = "$(inherited) @executable_path/Frameworks";
				PRODUCT_BUNDLE_IDENTIFIER = com.mhk.ios.AlphaNavigationBarDemo;
				PRODUCT_NAME = "$(TARGET_NAME)";
			};
			name = Debug;
		};
		AD9DED981C7DCD4300083BC9 /* Release */ = {
			isa = XCBuildConfiguration;
			buildSettings = {
				ASSETCATALOG_COMPILER_APPICON_NAME = AppIcon;
				INFOPLIST_FILE = AlphaNavigationBarDemo/Info.plist;
				LD_RUNPATH_SEARCH_PATHS = "$(inherited) @executable_path/Frameworks";
				PRODUCT_BUNDLE_IDENTIFIER = com.mhk.ios.AlphaNavigationBarDemo;
				PRODUCT_NAME = "$(TARGET_NAME)";
			};
			name = Release;
		};
/* End XCBuildConfiguration section */

/* Begin XCConfigurationList section */
		AD9DED7A1C7DCD4300083BC9 /* Build configuration list for PBXProject "AlphaNavigationBarDemo" */ = {
			isa = XCConfigurationList;
			buildConfigurations = (
				AD9DED941C7DCD4300083BC9 /* Debug */,
				AD9DED951C7DCD4300083BC9 /* Release */,
			);
			defaultConfigurationIsVisible = 0;
			defaultConfigurationName = Release;
		};
		AD9DED961C7DCD4300083BC9 /* Build configuration list for PBXNativeTarget "AlphaNavigationBarDemo" */ = {
			isa = XCConfigurationList;
			buildConfigurations = (
				AD9DED971C7DCD4300083BC9 /* Debug */,
				AD9DED981C7DCD4300083BC9 /* Release */,
			);
			defaultConfigurationIsVisible = 0;
		};
/* End XCConfigurationList section */
	};
	rootObject = AD9DED771C7DCD4300083BC9 /* Project object */;
}
